
Microsoft Visual Studio Solution File, Format Version 12.00
# Visual Studio 15
VisualStudioVersion = 15.0.27130.2027
MinimumVisualStudioVersion = 10.0.40219.1
Project("{2150E333-8FDC-42A3-9474-1A3956D46DE8}") = "Solution Items", "Solution Items", "{084EB3B3-05CA-4484-A34A-BCB880BB8F32}"
EndProject
Project("{2150E333-8FDC-42A3-9474-1A3956D46DE8}") = "src", "src", "{19DD5749-1D35-4698-85B2-3C02199B2C64}"
EndProject
Project("{2150E333-8FDC-42A3-9474-1A3956D46DE8}") = "0 - Services", "0 - Services", "{7D9F923B-2DE9-494F-B900-A2756DC3B5E7}"
EndProject
Project("{2150E333-8FDC-42A3-9474-1A3956D46DE8}") = "1 - Application", "1 - Application", "{87489793-C8C0-41B7-8AAA-EEB5A5C9C638}"
EndProject
Project("{2150E333-8FDC-42A3-9474-1A3956D46DE8}") = "2 - Domain", "2 - Domain", "{D70D3956-BB0B-442B-A428-0FBC23C43CA1}"
EndProject
Project("{2150E333-8FDC-42A3-9474-1A3956D46DE8}") = "3 - Infra", "3 - Infra", "{3902BE1F-F8A6-419C-A0AC-8604B161FC35}"
EndProject
Project("{2150E333-8FDC-42A3-9474-1A3956D46DE8}") = "3.1 - Data", "3.1 - Data", "{FBDF0687-FE7F-477F-AB88-B0FC8532980D}"
EndProject
Project("{2150E333-8FDC-42A3-9474-1A3956D46DE8}") = "3.2 - CrossCutting", "3.2 - CrossCutting", "{842CB6A5-0E30-4755-9123-07EA4A17AED4}"
EndProject
Project("{9A19103F-16F7-4668-BE54-9A1E7A4F7556}") = "Chama.WebApi", "Chama.WebApi\Chama.WebApi.csproj", "{F6E4B644-9E6D-4183-B267-FBBA0E5A5CCA}"
EndProject
Project("{9A19103F-16F7-4668-BE54-9A1E7A4F7556}") = "Chama.Infra.CrossCutting.IoC", "Chama.Infra.CrossCutting.IoC\Chama.Infra.CrossCutting.IoC.csproj", "{25C2C61A-EF68-4D24-AFB2-177E11D23868}"
EndProject
Project("{9A19103F-16F7-4668-BE54-9A1E7A4F7556}") = "Chama.Infra.CrossCutting.Bus", "Chama.Infra.CrossCutting.Bus\Chama.Infra.CrossCutting.Bus.csproj", "{B0B8C290-ABF0-4088-B537-2CB7960C38D2}"
EndProject
Project("{9A19103F-16F7-4668-BE54-9A1E7A4F7556}") = "Chama.Domain", "Chama.Domain\Chama.Domain.csproj", "{A860451B-AD8B-4B52-A2AE-5346B76DF46E}"
EndProject
Project("{9A19103F-16F7-4668-BE54-9A1E7A4F7556}") = "Chama.Domain.Core", "Chama.Domain.Core\Chama.Domain.Core.csproj", "{611A1380-894A-406E-9305-1E89FACE2173}"
EndProject
Project("{9A19103F-16F7-4668-BE54-9A1E7A4F7556}") = "Chama.Application", "Chama.Application\Chama.Application.csproj", "{2EA9045F-60F3-4ECD-95CF-343476D07E59}"
EndProject
Project("{9A19103F-16F7-4668-BE54-9A1E7A4F7556}") = "Chama.Infra.Data", "Chama.Infra.Data\Chama.Infra.Data.csproj", "{34D54CDE-6EA2-4DCD-95B2-7CA5DE766780}"
EndProject
Project("{FAE04EC0-301F-11D3-BF4B-00C04F79EFBC}") = "Chama.Email", "Chama.Email\Chama.Email.csproj", "{09F2E21C-D2D1-4194-B529-6BF8264B1795}"
EndProject
Project("{2150E333-8FDC-42A3-9474-1A3956D46DE8}") = "RabbitMQ", "RabbitMQ", "{25190461-8024-4014-A93E-D5C9C706E499}"
EndProject
Project("{FAE04EC0-301F-11D3-BF4B-00C04F79EFBC}") = "Chama.RabitMQ.Consumer", "Chama.RabitMQ.Consumer\Chama.RabitMQ.Consumer.csproj", "{03F2AC3E-29BB-44ED-B5E4-5EDDFF46EC61}"
EndProject
Project("{FAE04EC0-301F-11D3-BF4B-00C04F79EFBC}") = "Chama.RabitMQ.Producer", "Chama.RabitMQ.Producer\Chama.RabitMQ.Producer.csproj", "{5314765F-AA8A-4A95-95C2-7A0ACACCEC21}"
EndProject
Project("{FAE04EC0-301F-11D3-BF4B-00C04F79EFBC}") = "Chama.UnitTest", "Chama.UnitTest\Chama.UnitTest.csproj", "{E2985BC6-1BAA-419F-B995-511487935477}"
EndProject
Global
	GlobalSection(SolutionConfigurationPlatforms) = preSolution
		Debug|Any CPU = Debug|Any CPU
		Release|Any CPU = Release|Any CPU
	EndGlobalSection
	GlobalSection(ProjectConfigurationPlatforms) = postSolution
		{F6E4B644-9E6D-4183-B267-FBBA0E5A5CCA}.Debug|Any CPU.ActiveCfg = Debug|Any CPU
		{F6E4B644-9E6D-4183-B267-FBBA0E5A5CCA}.Debug|Any CPU.Build.0 = Debug|Any CPU
		{F6E4B644-9E6D-4183-B267-FBBA0E5A5CCA}.Release|Any CPU.ActiveCfg = Release|Any CPU
		{F6E4B644-9E6D-4183-B267-FBBA0E5A5CCA}.Release|Any CPU.Build.0 = Release|Any CPU
		{25C2C61A-EF68-4D24-AFB2-177E11D23868}.Debug|Any CPU.ActiveCfg = Debug|Any CPU
		{25C2C61A-EF68-4D24-AFB2-177E11D23868}.Debug|Any CPU.Build.0 = Debug|Any CPU
		{25C2C61A-EF68-4D24-AFB2-177E11D23868}.Release|Any CPU.ActiveCfg = Release|Any CPU
		{25C2C61A-EF68-4D24-AFB2-177E11D23868}.Release|Any CPU.Build.0 = Release|Any CPU
		{B0B8C290-ABF0-4088-B537-2CB7960C38D2}.Debug|Any CPU.ActiveCfg = Debug|Any CPU
		{B0B8C290-ABF0-4088-B537-2CB7960C38D2}.Debug|Any CPU.Build.0 = Debug|Any CPU
		{B0B8C290-ABF0-4088-B537-2CB7960C38D2}.Release|Any CPU.ActiveCfg = Release|Any CPU
		{B0B8C290-ABF0-4088-B537-2CB7960C38D2}.Release|Any CPU.Build.0 = Release|Any CPU
		{A860451B-AD8B-4B52-A2AE-5346B76DF46E}.Debug|Any CPU.ActiveCfg = Debug|Any CPU
		{A860451B-AD8B-4B52-A2AE-5346B76DF46E}.Debug|Any CPU.Build.0 = Debug|Any CPU
		{A860451B-AD8B-4B52-A2AE-5346B76DF46E}.Release|Any CPU.ActiveCfg = Release|Any CPU
		{A860451B-AD8B-4B52-A2AE-5346B76DF46E}.Release|Any CPU.Build.0 = Release|Any CPU
		{611A1380-894A-406E-9305-1E89FACE2173}.Debug|Any CPU.ActiveCfg = Debug|Any CPU
		{611A1380-894A-406E-9305-1E89FACE2173}.Debug|Any CPU.Build.0 = Debug|Any CPU
		{611A1380-894A-406E-9305-1E89FACE2173}.Release|Any CPU.ActiveCfg = Release|Any CPU
		{611A1380-894A-406E-9305-1E89FACE2173}.Release|Any CPU.Build.0 = Release|Any CPU
		{2EA9045F-60F3-4ECD-95CF-343476D07E59}.Debug|Any CPU.ActiveCfg = Debug|Any CPU
		{2EA9045F-60F3-4ECD-95CF-343476D07E59}.Debug|Any CPU.Build.0 = Debug|Any CPU
		{2EA9045F-60F3-4ECD-95CF-343476D07E59}.Release|Any CPU.ActiveCfg = Release|Any CPU
		{2EA9045F-60F3-4ECD-95CF-343476D07E59}.Release|Any CPU.Build.0 = Release|Any CPU
		{34D54CDE-6EA2-4DCD-95B2-7CA5DE766780}.Debug|Any CPU.ActiveCfg = Debug|Any CPU
		{34D54CDE-6EA2-4DCD-95B2-7CA5DE766780}.Debug|Any CPU.Build.0 = Debug|Any CPU
		{34D54CDE-6EA2-4DCD-95B2-7CA5DE766780}.Release|Any CPU.ActiveCfg = Release|Any CPU
		{34D54CDE-6EA2-4DCD-95B2-7CA5DE766780}.Release|Any CPU.Build.0 = Release|Any CPU
		{09F2E21C-D2D1-4194-B529-6BF8264B1795}.Debug|Any CPU.ActiveCfg = Debug|Any CPU
		{09F2E21C-D2D1-4194-B529-6BF8264B1795}.Debug|Any CPU.Build.0 = Debug|Any CPU
		{09F2E21C-D2D1-4194-B529-6BF8264B1795}.Release|Any CPU.ActiveCfg = Release|Any CPU
		{09F2E21C-D2D1-4194-B529-6BF8264B1795}.Release|Any CPU.Build.0 = Release|Any CPU
		{03F2AC3E-29BB-44ED-B5E4-5EDDFF46EC61}.Debug|Any CPU.ActiveCfg = Debug|Any CPU
		{03F2AC3E-29BB-44ED-B5E4-5EDDFF46EC61}.Debug|Any CPU.Build.0 = Debug|Any CPU
		{03F2AC3E-29BB-44ED-B5E4-5EDDFF46EC61}.Release|Any CPU.ActiveCfg = Release|Any CPU
		{03F2AC3E-29BB-44ED-B5E4-5EDDFF46EC61}.Release|Any CPU.Build.0 = Release|Any CPU
		{5314765F-AA8A-4A95-95C2-7A0ACACCEC21}.Debug|Any CPU.ActiveCfg = Debug|Any CPU
		{5314765F-AA8A-4A95-95C2-7A0ACACCEC21}.Debug|Any CPU.Build.0 = Debug|Any CPU
		{5314765F-AA8A-4A95-95C2-7A0ACACCEC21}.Release|Any CPU.ActiveCfg = Release|Any CPU
		{5314765F-AA8A-4A95-95C2-7A0ACACCEC21}.Release|Any CPU.Build.0 = Release|Any CPU
		{E2985BC6-1BAA-419F-B995-511487935477}.Debug|Any CPU.ActiveCfg = Debug|Any CPU
		{E2985BC6-1BAA-419F-B995-511487935477}.Debug|Any CPU.Build.0 = Debug|Any CPU
		{E2985BC6-1BAA-419F-B995-511487935477}.Release|Any CPU.ActiveCfg = Release|Any CPU
		{E2985BC6-1BAA-419F-B995-511487935477}.Release|Any CPU.Build.0 = Release|Any CPU
	EndGlobalSection
	GlobalSection(SolutionProperties) = preSolution
		HideSolutionNode = FALSE
	EndGlobalSection
	GlobalSection(NestedProjects) = preSolution
		{7D9F923B-2DE9-494F-B900-A2756DC3B5E7} = {19DD5749-1D35-4698-85B2-3C02199B2C64}
		{87489793-C8C0-41B7-8AAA-EEB5A5C9C638} = {19DD5749-1D35-4698-85B2-3C02199B2C64}
		{D70D3956-BB0B-442B-A428-0FBC23C43CA1} = {19DD5749-1D35-4698-85B2-3C02199B2C64}
		{3902BE1F-F8A6-419C-A0AC-8604B161FC35} = {19DD5749-1D35-4698-85B2-3C02199B2C64}
		{FBDF0687-FE7F-477F-AB88-B0FC8532980D} = {3902BE1F-F8A6-419C-A0AC-8604B161FC35}
		{842CB6A5-0E30-4755-9123-07EA4A17AED4} = {3902BE1F-F8A6-419C-A0AC-8604B161FC35}
		{F6E4B644-9E6D-4183-B267-FBBA0E5A5CCA} = {7D9F923B-2DE9-494F-B900-A2756DC3B5E7}
		{25C2C61A-EF68-4D24-AFB2-177E11D23868} = {842CB6A5-0E30-4755-9123-07EA4A17AED4}
		{B0B8C290-ABF0-4088-B537-2CB7960C38D2} = {842CB6A5-0E30-4755-9123-07EA4A17AED4}
		{A860451B-AD8B-4B52-A2AE-5346B76DF46E} = {D70D3956-BB0B-442B-A428-0FBC23C43CA1}
		{611A1380-894A-406E-9305-1E89FACE2173} = {D70D3956-BB0B-442B-A428-0FBC23C43CA1}
		{2EA9045F-60F3-4ECD-95CF-343476D07E59} = {87489793-C8C0-41B7-8AAA-EEB5A5C9C638}
		{34D54CDE-6EA2-4DCD-95B2-7CA5DE766780} = {FBDF0687-FE7F-477F-AB88-B0FC8532980D}
		{09F2E21C-D2D1-4194-B529-6BF8264B1795} = {7D9F923B-2DE9-494F-B900-A2756DC3B5E7}
		{25190461-8024-4014-A93E-D5C9C706E499} = {7D9F923B-2DE9-494F-B900-A2756DC3B5E7}
		{03F2AC3E-29BB-44ED-B5E4-5EDDFF46EC61} = {25190461-8024-4014-A93E-D5C9C706E499}
		{5314765F-AA8A-4A95-95C2-7A0ACACCEC21} = {25190461-8024-4014-A93E-D5C9C706E499}
		{E2985BC6-1BAA-419F-B995-511487935477} = {7D9F923B-2DE9-494F-B900-A2756DC3B5E7}
	EndGlobalSection
	GlobalSection(ExtensibilityGlobals) = postSolution
		SolutionGuid = {A20CC2C6-6DD6-409D-94D7-A5AB48A33B46}
	EndGlobalSection
EndGlobal
